
Microsoft Visual Studio Solution File, Format Version 12.00
# Visual Studio Version 17
VisualStudioVersion = 17.5.33516.290
MinimumVisualStudioVersion = 10.0.40219.1
Project("{FAE04EC0-301F-11D3-BF4B-00C04F79EFBC}") = "UMP.DocumentFlow.Dtos.Mappers", "UMP.DocumentFlow.Dtos.Mappers\UMP.DocumentFlow.Dtos.Mappers.csproj", "{5836E07F-C5DB-477B-9B0B-D44563F0B881}"
EndProject
Project("{9A19103F-16F7-4668-BE54-9A1E7A4F7556}") = "UMP.DocumentFlow.Dtos", "..\UMP.DocumentFlow.Dtos\UMP.DocumentFlow.Dtos\UMP.DocumentFlow.Dtos.csproj", "{75E37C60-7AA2-4B30-894A-4EAF50FE5093}"
EndProject
Project("{FAE04EC0-301F-11D3-BF4B-00C04F79EFBC}") = "UMP.DocumentFlow.Dtos.Mappers.ConsoleApp", "UMP.DocumentFlow.Dtos.Mappers.ConsoleApp\UMP.DocumentFlow.Dtos.Mappers.ConsoleApp.csproj", "{6FDA6881-C671-438B-B38A-BE543D7E087D}"
EndProject
Global
	GlobalSection(SolutionConfigurationPlatforms) = preSolution
		Debug|Any CPU = Debug|Any CPU
		Release|Any CPU = Release|Any CPU
	EndGlobalSection
	GlobalSection(ProjectConfigurationPlatforms) = postSolution
		{5836E07F-C5DB-477B-9B0B-D44563F0B881}.Debug|Any CPU.ActiveCfg = Debug|Any CPU
		{5836E07F-C5DB-477B-9B0B-D44563F0B881}.Debug|Any CPU.Build.0 = Debug|Any CPU
		{5836E07F-C5DB-477B-9B0B-D44563F0B881}.Release|Any CPU.ActiveCfg = Release|Any CPU
		{5836E07F-C5DB-477B-9B0B-D44563F0B881}.Release|Any CPU.Build.0 = Release|Any CPU
		{75E37C60-7AA2-4B30-894A-4EAF50FE5093}.Debug|Any CPU.ActiveCfg = Debug|Any CPU
		{75E37C60-7AA2-4B30-894A-4EAF50FE5093}.Debug|Any CPU.Build.0 = Debug|Any CPU
		{75E37C60-7AA2-4B30-894A-4EAF50FE5093}.Release|Any CPU.ActiveCfg = Release|Any CPU
		{75E37C60-7AA2-4B30-894A-4EAF50FE5093}.Release|Any CPU.Build.0 = Release|Any CPU
		{6FDA6881-C671-438B-B38A-BE543D7E087D}.Debug|Any CPU.ActiveCfg = Debug|Any CPU
		{6FDA6881-C671-438B-B38A-BE543D7E087D}.Debug|Any CPU.Build.0 = Debug|Any CPU
		{6FDA6881-C671-438B-B38A-BE543D7E087D}.Release|Any CPU.ActiveCfg = Release|Any CPU
		{6FDA6881-C671-438B-B38A-BE543D7E087D}.Release|Any CPU.Build.0 = Release|Any CPU
	EndGlobalSection
	GlobalSection(SolutionProperties) = preSolution
		HideSolutionNode = FALSE
	EndGlobalSection
	GlobalSection(ExtensibilityGlobals) = postSolution
		SolutionGuid = {37ECEABD-1B0D-44FA-BDE2-29E8F6256BEB}
	EndGlobalSection
EndGlobal
